
Microsoft Visual Studio Solution File, Format Version 12.00
# Visual Studio Version 16
VisualStudioVersion = 16.0.30517.126
MinimumVisualStudioVersion = 10.0.40219.1
Project("{FAE04EC0-301F-11D3-BF4B-00C04F79EFBC}") = "CursoCSharp", "CursoCSharp\CursoCSharp.csproj", "{9FDB7C83-8422-4D65-8C11-DC0623FE24C3}"
EndProject
Global
	GlobalSection(SolutionConfigurationPlatforms) = preSolution
		Debug|Any CPU = Debug|Any CPU
		Release|Any CPU = Release|Any CPU
	EndGlobalSection
	GlobalSection(ProjectConfigurationPlatforms) = postSolution
		{9FDB7C83-8422-4D65-8C11-DC0623FE24C3}.Debug|Any CPU.ActiveCfg = Debug|Any CPU
		{9FDB7C83-8422-4D65-8C11-DC0623FE24C3}.Debug|Any CPU.Build.0 = Debug|Any CPU
		{9FDB7C83-8422-4D65-8C11-DC0623FE24C3}.Release|Any CPU.ActiveCfg = Release|Any CPU
		{9FDB7C83-8422-4D65-8C11-DC0623FE24C3}.Release|Any CPU.Build.0 = Release|Any CPU
	EndGlobalSection
	GlobalSection(SolutionProperties) = preSolution
		HideSolutionNode = FALSE
	EndGlobalSection
	GlobalSection(ExtensibilityGlobals) = postSolution
		SolutionGuid = {AD2B1A3F-1DF3-4172-84D0-3853704982B5}
	EndGlobalSection
EndGlobal
